
Microsoft Visual Studio Solution File, Format Version 12.00
# Visual Studio Version 17
VisualStudioVersion = 17.3.32811.315
MinimumVisualStudioVersion = 10.0.40219.1
Project("{FAE04EC0-301F-11D3-BF4B-00C04F79EFBC}") = "Conditionals2", "Conditionals2\Conditionals2.csproj", "{AD2B4949-AE72-42D4-A478-915F36979BBC}"
EndProject
Global
	GlobalSection(SolutionConfigurationPlatforms) = preSolution
		Debug|Any CPU = Debug|Any CPU
		Release|Any CPU = Release|Any CPU
	EndGlobalSection
	GlobalSection(ProjectConfigurationPlatforms) = postSolution
		{AD2B4949-AE72-42D4-A478-915F36979BBC}.Debug|Any CPU.ActiveCfg = Debug|Any CPU
		{AD2B4949-AE72-42D4-A478-915F36979BBC}.Debug|Any CPU.Build.0 = Debug|Any CPU
		{AD2B4949-AE72-42D4-A478-915F36979BBC}.Release|Any CPU.ActiveCfg = Release|Any CPU
		{AD2B4949-AE72-42D4-A478-915F36979BBC}.Release|Any CPU.Build.0 = Release|Any CPU
	EndGlobalSection
	GlobalSection(SolutionProperties) = preSolution
		HideSolutionNode = FALSE
	EndGlobalSection
	GlobalSection(ExtensibilityGlobals) = postSolution
		SolutionGuid = {A4439A34-7854-4F0F-AABA-C9271DD4BCF4}
	EndGlobalSection
EndGlobal
